
Microsoft Visual Studio Solution File, Format Version 12.00
# Visual Studio Version 16
VisualStudioVersion = 16.0.31702.278
MinimumVisualStudioVersion = 10.0.40219.1
Project("{FAE04EC0-301F-11D3-BF4B-00C04F79EFBC}") = "MonsterTradingCardGame", "MonsterTradingCardGame.csproj", "{A6659947-CD91-4EBB-A909-CE84C2B1058F}"
EndProject
Project("{FAE04EC0-301F-11D3-BF4B-00C04F79EFBC}") = "UnitTestsMTCG", "..\UnitTestsMTCG\UnitTestsMTCG.csproj", "{30C7D031-FAC8-468A-8A0B-E2ABBA8EE909}"
	ProjectSection(ProjectDependencies) = postProject
		{A6659947-CD91-4EBB-A909-CE84C2B1058F} = {A6659947-CD91-4EBB-A909-CE84C2B1058F}
	EndProjectSection
EndProject
Global
	GlobalSection(SolutionConfigurationPlatforms) = preSolution
		Debug|Any CPU = Debug|Any CPU
		Release|Any CPU = Release|Any CPU
	EndGlobalSection
	GlobalSection(ProjectConfigurationPlatforms) = postSolution
		{A6659947-CD91-4EBB-A909-CE84C2B1058F}.Debug|Any CPU.ActiveCfg = Debug|Any CPU
		{A6659947-CD91-4EBB-A909-CE84C2B1058F}.Debug|Any CPU.Build.0 = Debug|Any CPU
		{A6659947-CD91-4EBB-A909-CE84C2B1058F}.Release|Any CPU.ActiveCfg = Release|Any CPU
		{A6659947-CD91-4EBB-A909-CE84C2B1058F}.Release|Any CPU.Build.0 = Release|Any CPU
		{30C7D031-FAC8-468A-8A0B-E2ABBA8EE909}.Debug|Any CPU.ActiveCfg = Debug|Any CPU
		{30C7D031-FAC8-468A-8A0B-E2ABBA8EE909}.Debug|Any CPU.Build.0 = Debug|Any CPU
		{30C7D031-FAC8-468A-8A0B-E2ABBA8EE909}.Release|Any CPU.ActiveCfg = Release|Any CPU
		{30C7D031-FAC8-468A-8A0B-E2ABBA8EE909}.Release|Any CPU.Build.0 = Release|Any CPU
	EndGlobalSection
	GlobalSection(SolutionProperties) = preSolution
		HideSolutionNode = FALSE
	EndGlobalSection
	GlobalSection(ExtensibilityGlobals) = postSolution
		SolutionGuid = {AD6D0D50-2EC5-400E-9BB0-171E5958AC84}
	EndGlobalSection
EndGlobal
